
Microsoft Visual Studio Solution File, Format Version 12.00
# Visual Studio Version 16
VisualStudioVersion = 16.0.29001.49
MinimumVisualStudioVersion = 10.0.40219.1
Project("{FAE04EC0-301F-11D3-BF4B-00C04F79EFBC}") = "FinalTask", "FinalTask\FinalTask.csproj", "{C33BBFA6-9790-47ED-A657-FD14C6930CDD}"
EndProject
Project("{FAE04EC0-301F-11D3-BF4B-00C04F79EFBC}") = "FinalTaskTest", "FinalTaskTest\FinalTaskTest.csproj", "{A4863E06-D8A2-4A4F-9E24-9BDBC459F2AB}"
EndProject
Global
	GlobalSection(SolutionConfigurationPlatforms) = preSolution
		Debug|Any CPU = Debug|Any CPU
		Release|Any CPU = Release|Any CPU
	EndGlobalSection
	GlobalSection(ProjectConfigurationPlatforms) = postSolution
		{C33BBFA6-9790-47ED-A657-FD14C6930CDD}.Debug|Any CPU.ActiveCfg = Debug|Any CPU
		{C33BBFA6-9790-47ED-A657-FD14C6930CDD}.Debug|Any CPU.Build.0 = Debug|Any CPU
		{C33BBFA6-9790-47ED-A657-FD14C6930CDD}.Release|Any CPU.ActiveCfg = Release|Any CPU
		{C33BBFA6-9790-47ED-A657-FD14C6930CDD}.Release|Any CPU.Build.0 = Release|Any CPU
		{A4863E06-D8A2-4A4F-9E24-9BDBC459F2AB}.Debug|Any CPU.ActiveCfg = Debug|Any CPU
		{A4863E06-D8A2-4A4F-9E24-9BDBC459F2AB}.Debug|Any CPU.Build.0 = Debug|Any CPU
		{A4863E06-D8A2-4A4F-9E24-9BDBC459F2AB}.Release|Any CPU.ActiveCfg = Release|Any CPU
		{A4863E06-D8A2-4A4F-9E24-9BDBC459F2AB}.Release|Any CPU.Build.0 = Release|Any CPU
	EndGlobalSection
	GlobalSection(SolutionProperties) = preSolution
		HideSolutionNode = FALSE
	EndGlobalSection
	GlobalSection(ExtensibilityGlobals) = postSolution
		SolutionGuid = {54E5903E-D721-4D22-9294-FFC4945DAB91}
	EndGlobalSection
EndGlobal
